
Microsoft Visual Studio Solution File, Format Version 12.00
# Visual Studio Version 17
VisualStudioVersion = 17.4.33205.214
MinimumVisualStudioVersion = 10.0.40219.1
Project("{FAE04EC0-301F-11D3-BF4B-00C04F79EFBC}") = "EasyCashCampProject.EntityLayer", "EasyCashCampProject.EntityLayer\EasyCashCampProject.EntityLayer.csproj", "{D630F251-32A2-4075-BD09-F9182B0007AA}"
EndProject
Project("{FAE04EC0-301F-11D3-BF4B-00C04F79EFBC}") = "EasyCashCampProject.DataAccessLayer", "EasyCashCampProject.DataAccessLayer\EasyCashCampProject.DataAccessLayer.csproj", "{5E889B43-6F6F-48C1-8993-0E14675BEA7B}"
EndProject
Project("{FAE04EC0-301F-11D3-BF4B-00C04F79EFBC}") = "EasyCashCampProject.BusinessLayer", "EasyCashCampProject.BusinessLayer\EasyCashCampProject.BusinessLayer.csproj", "{F1408871-B132-4AD2-BD0B-C30FFB92191E}"
EndProject
Project("{FAE04EC0-301F-11D3-BF4B-00C04F79EFBC}") = "EasyCashCampProject.DtoLayer", "EasyCashCampProject.DtoLayer\EasyCashCampProject.DtoLayer.csproj", "{2DDCA516-5340-4FDB-A3F3-414176B6C703}"
EndProject
Project("{FAE04EC0-301F-11D3-BF4B-00C04F79EFBC}") = "EasyCashCampProject.PresentationLayer", "EasyCashCampProject.PresentationLayer\EasyCashCampProject.PresentationLayer.csproj", "{3058F064-4051-495D-ABCB-9FF2BCD834D4}"
EndProject
Global
	GlobalSection(SolutionConfigurationPlatforms) = preSolution
		Debug|Any CPU = Debug|Any CPU
		Release|Any CPU = Release|Any CPU
	EndGlobalSection
	GlobalSection(ProjectConfigurationPlatforms) = postSolution
		{D630F251-32A2-4075-BD09-F9182B0007AA}.Debug|Any CPU.ActiveCfg = Debug|Any CPU
		{D630F251-32A2-4075-BD09-F9182B0007AA}.Debug|Any CPU.Build.0 = Debug|Any CPU
		{D630F251-32A2-4075-BD09-F9182B0007AA}.Release|Any CPU.ActiveCfg = Release|Any CPU
		{D630F251-32A2-4075-BD09-F9182B0007AA}.Release|Any CPU.Build.0 = Release|Any CPU
		{5E889B43-6F6F-48C1-8993-0E14675BEA7B}.Debug|Any CPU.ActiveCfg = Debug|Any CPU
		{5E889B43-6F6F-48C1-8993-0E14675BEA7B}.Debug|Any CPU.Build.0 = Debug|Any CPU
		{5E889B43-6F6F-48C1-8993-0E14675BEA7B}.Release|Any CPU.ActiveCfg = Release|Any CPU
		{5E889B43-6F6F-48C1-8993-0E14675BEA7B}.Release|Any CPU.Build.0 = Release|Any CPU
		{F1408871-B132-4AD2-BD0B-C30FFB92191E}.Debug|Any CPU.ActiveCfg = Debug|Any CPU
		{F1408871-B132-4AD2-BD0B-C30FFB92191E}.Debug|Any CPU.Build.0 = Debug|Any CPU
		{F1408871-B132-4AD2-BD0B-C30FFB92191E}.Release|Any CPU.ActiveCfg = Release|Any CPU
		{F1408871-B132-4AD2-BD0B-C30FFB92191E}.Release|Any CPU.Build.0 = Release|Any CPU
		{2DDCA516-5340-4FDB-A3F3-414176B6C703}.Debug|Any CPU.ActiveCfg = Debug|Any CPU
		{2DDCA516-5340-4FDB-A3F3-414176B6C703}.Debug|Any CPU.Build.0 = Debug|Any CPU
		{2DDCA516-5340-4FDB-A3F3-414176B6C703}.Release|Any CPU.ActiveCfg = Release|Any CPU
		{2DDCA516-5340-4FDB-A3F3-414176B6C703}.Release|Any CPU.Build.0 = Release|Any CPU
		{3058F064-4051-495D-ABCB-9FF2BCD834D4}.Debug|Any CPU.ActiveCfg = Debug|Any CPU
		{3058F064-4051-495D-ABCB-9FF2BCD834D4}.Debug|Any CPU.Build.0 = Debug|Any CPU
		{3058F064-4051-495D-ABCB-9FF2BCD834D4}.Release|Any CPU.ActiveCfg = Release|Any CPU
		{3058F064-4051-495D-ABCB-9FF2BCD834D4}.Release|Any CPU.Build.0 = Release|Any CPU
	EndGlobalSection
	GlobalSection(SolutionProperties) = preSolution
		HideSolutionNode = FALSE
	EndGlobalSection
	GlobalSection(ExtensibilityGlobals) = postSolution
		SolutionGuid = {82FE6AB0-6958-42D9-B736-C35F3C7DE0F5}
	EndGlobalSection
EndGlobal
